# THIS IS AN AUTOGENERATED FILE. DO NOT EDIT THIS FILE DIRECTLY.
# yarn lockfile v1


"@types/node@^17.0.23":
  version "17.0.23"
  resolved "https://registry.yarnpkg.com/@types/node/-/node-17.0.23.tgz#3b41a6e643589ac6442bdbd7a4a3ded62f33f7da"
  integrity sha512-UxDxWn7dl97rKVeVS61vErvw086aCYhDLyvRQZ5Rk65rZKepaFdm53GeqXaKBuOhED4e9uWq34IC3TdSdJJ2Gw==

mnemonist@^0.39.0:
  version "0.39.0"
  resolved "https://registry.yarnpkg.com/mnemonist/-/mnemonist-0.39.0.tgz#4c83dd22e8d9d05dfb721ff66a905fec4c460041"
  integrity sha512-7v08Ldk1lnlywnIShqfKYN7EW4WKLUnkoWApdmR47N1xA2xmEtWERfEvyRCepbuFCETG5OnfaGQpp/p4Bus6ZQ==
  dependencies:
    obliterator "^2.0.1"

obliterator@^2.0.1:
  version "2.0.2"
  resolved "https://registry.yarnpkg.com/obliterator/-/obliterator-2.0.2.tgz#25f50dc92e1181371b9d8209d11890f1a3c2fc21"
  integrity sha512-g0TrA7SbUggROhDPK8cEu/qpItwH2LSKcNl4tlfBNT54XY+nOsqrs0Q68h1V9b3HOSpIWv15jb1lax2hAggdIg==

typescript@^4.6.3:
  version "4.6.3"
  resolved "https://registry.yarnpkg.com/typescript/-/typescript-4.6.3.tgz#eefeafa6afdd31d725584c67a0eaba80f6fc6c6c"
  integrity sha512-yNIatDa5iaofVozS/uQJEl3JRWLKKGJKh6Yaiv0GLGSuhpFJe7P3SbHZ8/yjAHRQwKRoA6YZqlfjXWmVzoVSMw==
